{
  "name": "static",
  "lockfileVersion": 3,
  "requires": true,
  "packages": {
    "": {
      "dependencies": {
        "@tailwindplus/elements": "^1.0.12"
      }
    },
    "node_modules/@tailwindplus/elements": {
      "version": "1.0.12",
      "resolved": "https://registry.npmjs.org/@tailwindplus/elements/-/elements-1.0.12.tgz",
      "integrity": "sha512-zmcvi9LK3gKPg1gj1Gqva7qSzO7RvgUxSGD/azuku1q/AW5i9N2sPlINVO/pa9m5acLgSjBprwp0iCy2gwRQHw==",
      "license": "SEE LICENSE IN LICENSE.md"
    }
  }
}
